// !$*UTF8*$!
{
	archiveVersion = 1;
	classes = {
	};
	objectVersion = 46;
	objects = {

/* Begin PBXBuildFile section */
		5875BC571D2872FD002083FC /* AppDelegate.swift in Sources */ = {isa = PBXBuildFile; fileRef = 5875BC561D2872FD002083FC /* AppDelegate.swift */; };
		5875BC591D2872FD002083FC /* ViewController.swift in Sources */ = {isa = PBXBuildFile; fileRef = 5875BC581D2872FD002083FC /* ViewController.swift */; };
		5875BC5C1D2872FD002083FC /* Main.storyboard in Resources */ = {isa = PBXBuildFile; fileRef = 5875BC5A1D2872FD002083FC /* Main.storyboard */; };
		5875BC5E1D2872FD002083FC /* Assets.xcassets in Resources */ = {isa = PBXBuildFile; fileRef = 5875BC5D1D2872FD002083FC /* Assets.xcassets */; };
		5875BC611D2872FD002083FC /* LaunchScreen.storyboard in Resources */ = {isa = PBXBuildFile; fileRef = 5875BC5F1D2872FD002083FC /* LaunchScreen.storyboard */; };
/* End PBXBuildFile section */

/* Begin PBXFileReference section */
		5875BC531D2872FD002083FC /* myDoubleTapGesture.app */ = {isa = PBXFileReference; explicitFileType = wrapper.application; includeInIndex = 0; path = myDoubleTapGesture.app; sourceTree = BUILT_PRODUCTS_DIR; };
		5875BC561D2872FD002083FC /* AppDelegate.swift */ = {isa = PBXFileReference; lastKnownFileType = sourcecode.swift; path = AppDelegate.swift; sourceTree = "<group>"; };
		5875BC581D2872FD002083FC /* ViewController.swift */ = {isa = PBXFileReference; lastKnownFileType = sourcecode.swift; path = ViewController.swift; sourceTree = "<group>"; };
		5875BC5B1D2872FD002083FC /* Base */ = {isa = PBXFileReference; lastKnownFileType = file.storyboard; name = Base; path = Base.lproj/Main.storyboard; sourceTree = "<group>"; };
		5875BC5D1D2872FD002083FC /* Assets.xcassets */ = {isa = PBXFileReference; lastKnownFileType = folder.assetcatalog; path = Assets.xcassets; sourceTree = "<group>"; };
		5875BC601D2872FD002083FC /* Base */ = {isa = PBXFileReference; lastKnownFileType = file.storyboard; name = Base; path = Base.lproj/LaunchScreen.storyboard; sourceTree = "<group>"; };
		5875BC621D2872FD002083FC /* Info.plist */ = {isa = PBXFileReference; lastKnownFileType = text.plist.xml; path = Info.plist; sourceTree = "<group>"; };
/* End PBXFileReference section */

/* Begin PBXFrameworksBuildPhase section */
		5875BC501D2872FD002083FC /* Frameworks */ = {
			isa = PBXFrameworksBuildPhase;
			buildActionMask = 2147483647;
			files = (
			);
			runOnlyForDeploymentPostprocessing = 0;
		};
/* End PBXFrameworksBuildPhase section */

/* Begin PBXGroup section */
		5875BC4A1D2872FD002083FC = {
			isa = PBXGroup;
			children = (
				5875BC551D2872FD002083FC /* myDoubleTapGesture */,
				5875BC541D2872FD002083FC /* Products */,
			);
			sourceTree = "<group>";
		};
		5875BC541D2872FD002083FC /* Products */ = {
			isa = PBXGroup;
			children = (
				5875BC531D2872FD002083FC /* myDoubleTapGesture.app */,
			);
			name = Products;
			sourceTree = "<group>";
		};
		5875BC551D2872FD002083FC /* myDoubleTapGesture */ = {
			isa = PBXGroup;
			children = (
				5875BC561D2872FD002083FC /* AppDelegate.swift */,
				5875BC581D2872FD002083FC /* ViewController.swift */,
				5875BC5A1D2872FD002083FC /* Main.storyboard */,
				5875BC5D1D2872FD002083FC /* Assets.xcassets */,
				5875BC5F1D2872FD002083FC /* LaunchScreen.storyboard */,
				5875BC621D2872FD002083FC /* Info.plist */,
			);
			path = myDoubleTapGesture;
			sourceTree = "<group>";
		};
/* End PBXGroup section */

/* Begin PBXNativeTarget section */
		5875BC521D2872FD002083FC /* myDoubleTapGesture */ = {
			isa = PBXNativeTarget;
			buildConfigurationList = 5875BC651D2872FD002083FC /* Build configuration list for PBXNativeTarget "myDoubleTapGesture" */;
			buildPhases = (
				5875BC4F1D2872FD002083FC /* Sources */,
				5875BC501D2872FD002083FC /* Frameworks */,
				5875BC511D2872FD002083FC /* Resources */,
			);
			buildRules = (
			);
			dependencies = (
			);
			name = myDoubleTapGesture;
			productName = myDoubleTapGesture;
			productReference = 5875BC531D2872FD002083FC /* myDoubleTapGesture.app */;
			productType = "com.apple.product-type.application";
		};
/* End PBXNativeTarget section */

/* Begin PBXProject section */
		5875BC4B1D2872FD002083FC /* Project object */ = {
			isa = PBXProject;
			attributes = {
				LastSwiftUpdateCheck = 0730;
				LastUpgradeCheck = 0730;
				ORGANIZATIONNAME = CWJ;
				TargetAttributes = {
					5875BC521D2872FD002083FC = {
						CreatedOnToolsVersion = 7.3.1;
					};
				};
			};
			buildConfigurationList = 5875BC4E1D2872FD002083FC /* Build configuration list for PBXProject "myDoubleTapGesture" */;
			compatibilityVersion = "Xcode 3.2";
			developmentRegion = English;
			hasScannedForEncodings = 0;
			knownRegions = (
				en,
				Base,
			);
			mainGroup = 5875BC4A1D2872FD002083FC;
			productRefGroup = 5875BC541D2872FD002083FC /* Products */;
			projectDirPath = "";
			projectRoot = "";
			targets = (
				5875BC521D2872FD002083FC /* myDoubleTapGesture */,
			);
		};
/* End PBXProject section */

/* Begin PBXResourcesBuildPhase section */
		5875BC511D2872FD002083FC /* Resources */ = {
			isa = PBXResourcesBuildPhase;
			buildActionMask = 2147483647;
			files = (
				5875BC611D2872FD002083FC /* LaunchScreen.storyboard in Resources */,
				5875BC5E1D2872FD002083FC /* Assets.xcassets in Resources */,
				5875BC5C1D2872FD002083FC /* Main.storyboard in Resources */,
			);
			runOnlyForDeploymentPostprocessing = 0;
		};
/* End PBXResourcesBuildPhase section */

/* Begin PBXSourcesBuildPhase section */
		5875BC4F1D2872FD002083FC /* Sources */ = {
			isa = PBXSourcesBuildPhase;
			buildActionMask = 2147483647;
			files = (
				5875BC591D2872FD002083FC /* ViewController.swift in Sources */,
				5875BC571D2872FD002083FC /* AppDelegate.swift in Sources */,
			);
			runOnlyForDeploymentPostprocessing = 0;
		};
/* End PBXSourcesBuildPhase section */

/* Begin PBXVariantGroup section */
		5875BC5A1D2872FD002083FC /* Main.storyboard */ = {
			isa = PBXVariantGroup;
			children = (
				5875BC5B1D2872FD002083FC /* Base */,
			);
			name = Main.storyboard;
			sourceTree = "<group>";
		};
		5875BC5F1D2872FD002083FC /* LaunchScreen.storyboard */ = {
			isa = PBXVariantGroup;
			children = (
				5875BC601D2872FD002083FC /* Base */,
			);
			name = LaunchScreen.storyboard;
			sourceTree = "<group>";
		};
/* End PBXVariantGroup section */

/* Begin XCBuildConfiguration section */
		5875BC631D2872FD002083FC /* Debug */ = {
			isa = XCBuildConfiguration;
			buildSettings = {
				ALWAYS_SEARCH_USER_PATHS = NO;
				CLANG_ANALYZER_NONNULL = YES;
				CLANG_CXX_LANGUAGE_STANDARD = "gnu++0x";
				CLANG_CXX_LIBRARY = "libc++";
				CLANG_ENABLE_MODULES = YES;
				CLANG_ENABLE_OBJC_ARC = YES;
				CLANG_WARN_BOOL_CONVERSION = YES;
				CLANG_WARN_CONSTANT_CONVERSION = YES;
				CLANG_WARN_DIRECT_OBJC_ISA_USAGE = YES_ERROR;
				CLANG_WARN_EMPTY_BODY = YES;
				CLANG_WARN_ENUM_CONVERSION = YES;
				CLANG_WARN_INT_CONVERSION = YES;
				CLANG_WARN_OBJC_ROOT_CLASS = YES_ERROR;
				CLANG_WARN_UNREACHABLE_CODE = YES;
				CLANG_WARN__DUPLICATE_METHOD_MATCH = YES;
				"CODE_SIGN_IDENTITY[sdk=iphoneos*]" = "iPhone Developer";
				COPY_PHASE_STRIP = NO;
				DEBUG_INFORMATION_FORMAT = dwarf;
				ENABLE_STRICT_OBJC_MSGSEND = YES;
				ENABLE_TESTABILITY = YES;
				GCC_C_LANGUAGE_STANDARD = gnu99;
				GCC_DYNAMIC_NO_PIC = NO;
				GCC_NO_COMMON_BLOCKS = YES;
				GCC_OPTIMIZATION_LEVEL = 0;
				GCC_PREPROCESSOR_DEFINITIONS = (
					"DEBUG=1",
					"$(inherited)",
				);
				GCC_WARN_64_TO_32_BIT_CONVERSION = YES;
				GCC_WARN_ABOUT_RETURN_TYPE = YES_ERROR;
				GCC_WARN_UNDECLARED_SELECTOR = YES;
				GCC_WARN_UNINITIALIZED_AUTOS = YES_AGGRESSIVE;
				GCC_WARN_UNUSED_FUNCTION = YES;
				GCC_WARN_UNUSED_VARIABLE = YES;
				IPHONEOS_DEPLOYMENT_TARGET = 9.3;
				MTL_ENABLE_DEBUG_INFO = YES;
				ONLY_ACTIVE_ARCH = YES;
				SDKROOT = iphoneos;
				SWIFT_OPTIMIZATION_LEVEL = "-Onone";
				TARGETED_DEVICE_FAMILY = "1,2";
			};
			name = Debug;
		};
		5875BC641D2872FD002083FC /* Release */ = {
			isa = XCBuildConfiguration;
			buildSettings = {
				ALWAYS_SEARCH_USER_PATHS = NO;
				CLANG_ANALYZER_NONNULL = YES;
				CLANG_CXX_LANGUAGE_STANDARD = "gnu++0x";
				CLANG_CXX_LIBRARY = "libc++";
				CLANG_ENABLE_MODULES = YES;
				CLANG_ENABLE_OBJC_ARC = YES;
				CLANG_WARN_BOOL_CONVERSION = YES;
				CLANG_WARN_CONSTANT_CONVERSION = YES;
				CLANG_WARN_DIRECT_OBJC_ISA_USAGE = YES_ERROR;
				CLANG_WARN_EMPTY_BODY = YES;
				CLANG_WARN_ENUM_CONVERSION = YES;
				CLANG_WARN_INT_CONVERSION = YES;
				CLANG_WARN_OBJC_ROOT_CLASS = YES_ERROR;
				CLANG_WARN_UNREACHABLE_CODE = YES;
				CLANG_WARN__DUPLICATE_METHOD_MATCH = YES;
				"CODE_SIGN_IDENTITY[sdk=iphoneos*]" = "iPhone Developer";
				COPY_PHASE_STRIP = NO;
				DEBUG_INFORMATION_FORMAT = "dwarf-with-dsym";
				ENABLE_NS_ASSERTIONS = NO;
				ENABLE_STRICT_OBJC_MSGSEND = YES;
				GCC_C_LANGUAGE_STANDARD = gnu99;
				GCC_NO_COMMON_BLOCKS = YES;
				GCC_WARN_64_TO_32_BIT_CONVERSION = YES;
				GCC_WARN_ABOUT_RETURN_TYPE = YES_ERROR;
				GCC_WARN_UNDECLARED_SELECTOR = YES;
				GCC_WARN_UNINITIALIZED_AUTOS = YES_AGGRESSIVE;
				GCC_WARN_UNUSED_FUNCTION = YES;
				GCC_WARN_UNUSED_VARIABLE = YES;
				IPHONEOS_DEPLOYMENT_TARGET = 9.3;
				MTL_ENABLE_DEBUG_INFO = NO;
				SDKROOT = iphoneos;
				TARGETED_DEVICE_FAMILY = "1,2";
				VALIDATE_PRODUCT = YES;
			};
			name = Release;
		};
		5875BC661D2872FD002083FC /* Debug */ = {
			isa = XCBuildConfiguration;
			buildSettings = {
				ASSETCATALOG_COMPILER_APPICON_NAME = AppIcon;
				INFOPLIST_FILE = myDoubleTapGesture/Info.plist;
				LD_RUNPATH_SEARCH_PATHS = "$(inherited) @executable_path/Frameworks";
				PRODUCT_BUNDLE_IDENTIFIER = com.codewithjallohDev.myDoubleTapGesture;
				PRODUCT_NAME = "$(TARGET_NAME)";
			};
			name = Debug;
		};
		5875BC671D2872FD002083FC /* Release */ = {
			isa = XCBuildConfiguration;
			buildSettings = {
				ASSETCATALOG_COMPILER_APPICON_NAME = AppIcon;
				INFOPLIST_FILE = myDoubleTapGesture/Info.plist;
				LD_RUNPATH_SEARCH_PATHS = "$(inherited) @executable_path/Frameworks";
				PRODUCT_BUNDLE_IDENTIFIER = com.codewithjallohDev.myDoubleTapGesture;
				PRODUCT_NAME = "$(TARGET_NAME)";
			};
			name = Release;
		};
/* End XCBuildConfiguration section */

/* Begin XCConfigurationList section */
		5875BC4E1D2872FD002083FC /* Build configuration list for PBXProject "myDoubleTapGesture" */ = {
			isa = XCConfigurationList;
			buildConfigurations = (
				5875BC631D2872FD002083FC /* Debug */,
				5875BC641D2872FD002083FC /* Release */,
			);
			defaultConfigurationIsVisible = 0;
			defaultConfigurationName = Release;
		};
		5875BC651D2872FD002083FC /* Build configuration list for PBXNativeTarget "myDoubleTapGesture" */ = {
			isa = XCConfigurationList;
			buildConfigurations = (
				5875BC661D2872FD002083FC /* Debug */,
				5875BC671D2872FD002083FC /* Release */,
			);
			defaultConfigurationIsVisible = 0;
		};
/* End XCConfigurationList section */
	};
	rootObject = 5875BC4B1D2872FD002083FC /* Project object */;
}
